
Microsoft Visual Studio Solution File, Format Version 12.00
# Visual Studio Version 17
VisualStudioVersion = 17.9.34616.47
MinimumVisualStudioVersion = 10.0.40219.1
Project("{888888A0-9F3D-457C-B088-3A5042F75D52}") = "Rock Paper Scissors Game", "Rock Paper Scissors Game.pyproj", "{4C96D267-717B-40B7-A18F-6041D55FA222}"
EndProject
Global
	GlobalSection(SolutionConfigurationPlatforms) = preSolution
		Debug|Any CPU = Debug|Any CPU
		Release|Any CPU = Release|Any CPU
	EndGlobalSection
	GlobalSection(ProjectConfigurationPlatforms) = postSolution
		{4C96D267-717B-40B7-A18F-6041D55FA222}.Debug|Any CPU.ActiveCfg = Debug|Any CPU
		{4C96D267-717B-40B7-A18F-6041D55FA222}.Release|Any CPU.ActiveCfg = Release|Any CPU
	EndGlobalSection
	GlobalSection(SolutionProperties) = preSolution
		HideSolutionNode = FALSE
	EndGlobalSection
	GlobalSection(ExtensibilityGlobals) = postSolution
		SolutionGuid = {41E12C32-D5EF-4316-8500-5C6939FE5481}
	EndGlobalSection
EndGlobal
