
Microsoft Visual Studio Solution File, Format Version 12.00
# Visual Studio Version 17
VisualStudioVersion = 17.8.34525.116
MinimumVisualStudioVersion = 10.0.40219.1
Project("{888888A0-9F3D-457C-B088-3A5042F75D52}") = "Hangman Game", "Hangman Game\Hangman Game.pyproj", "{D001821E-2412-49C0-BC3F-8817E2DC3D4D}"
EndProject
Global
	GlobalSection(SolutionConfigurationPlatforms) = preSolution
		Debug|Any CPU = Debug|Any CPU
		Release|Any CPU = Release|Any CPU
	EndGlobalSection
	GlobalSection(ProjectConfigurationPlatforms) = postSolution
		{D001821E-2412-49C0-BC3F-8817E2DC3D4D}.Debug|Any CPU.ActiveCfg = Debug|Any CPU
		{D001821E-2412-49C0-BC3F-8817E2DC3D4D}.Release|Any CPU.ActiveCfg = Release|Any CPU
	EndGlobalSection
	GlobalSection(SolutionProperties) = preSolution
		HideSolutionNode = FALSE
	EndGlobalSection
	GlobalSection(ExtensibilityGlobals) = postSolution
		SolutionGuid = {FBDE7955-72A4-4CC2-80E5-484289992D98}
	EndGlobalSection
EndGlobal
