
Microsoft Visual Studio Solution File, Format Version 12.00
# Visual Studio Version 17
VisualStudioVersion = 17.9.34616.47
MinimumVisualStudioVersion = 10.0.40219.1
Project("{888888A0-9F3D-457C-B088-3A5042F75D52}") = "Caesar Cipher", "Caesar Cipher.pyproj", "{157E9612-3CAE-473E-811D-FBB603600FDF}"
EndProject
Global
	GlobalSection(SolutionConfigurationPlatforms) = preSolution
		Debug|Any CPU = Debug|Any CPU
		Release|Any CPU = Release|Any CPU
	EndGlobalSection
	GlobalSection(ProjectConfigurationPlatforms) = postSolution
		{157E9612-3CAE-473E-811D-FBB603600FDF}.Debug|Any CPU.ActiveCfg = Debug|Any CPU
		{157E9612-3CAE-473E-811D-FBB603600FDF}.Release|Any CPU.ActiveCfg = Release|Any CPU
	EndGlobalSection
	GlobalSection(SolutionProperties) = preSolution
		HideSolutionNode = FALSE
	EndGlobalSection
	GlobalSection(ExtensibilityGlobals) = postSolution
		SolutionGuid = {6EF924C3-5C29-4D88-B94D-FC96C6091518}
	EndGlobalSection
EndGlobal
